
Microsoft Visual Studio Solution File, Format Version 12.00
# Visual Studio Version 17
VisualStudioVersion = 17.6.33723.286
MinimumVisualStudioVersion = 10.0.40219.1
Project("{FAE04EC0-301F-11D3-BF4B-00C04F79EFBC}") = "c#-challenges", "c#-challenges\c#-challenges.csproj", "{383A0899-225C-42C6-829F-0D28C63711FC}"
EndProject
Project("{FAE04EC0-301F-11D3-BF4B-00C04F79EFBC}") = "ChallengesTest", "ChallengesTest\ChallengesTest.csproj", "{80760929-AA94-42D6-9D9C-47D5A8542888}"
EndProject
Global
	GlobalSection(SolutionConfigurationPlatforms) = preSolution
		Debug|Any CPU = Debug|Any CPU
		Release|Any CPU = Release|Any CPU
	EndGlobalSection
	GlobalSection(ProjectConfigurationPlatforms) = postSolution
		{383A0899-225C-42C6-829F-0D28C63711FC}.Debug|Any CPU.ActiveCfg = Debug|Any CPU
		{383A0899-225C-42C6-829F-0D28C63711FC}.Debug|Any CPU.Build.0 = Debug|Any CPU
		{383A0899-225C-42C6-829F-0D28C63711FC}.Release|Any CPU.ActiveCfg = Release|Any CPU
		{383A0899-225C-42C6-829F-0D28C63711FC}.Release|Any CPU.Build.0 = Release|Any CPU
		{80760929-AA94-42D6-9D9C-47D5A8542888}.Debug|Any CPU.ActiveCfg = Debug|Any CPU
		{80760929-AA94-42D6-9D9C-47D5A8542888}.Debug|Any CPU.Build.0 = Debug|Any CPU
		{80760929-AA94-42D6-9D9C-47D5A8542888}.Release|Any CPU.ActiveCfg = Release|Any CPU
		{80760929-AA94-42D6-9D9C-47D5A8542888}.Release|Any CPU.Build.0 = Release|Any CPU
	EndGlobalSection
	GlobalSection(SolutionProperties) = preSolution
		HideSolutionNode = FALSE
	EndGlobalSection
	GlobalSection(ExtensibilityGlobals) = postSolution
		SolutionGuid = {22861B9B-C097-446D-BFD2-66293808026E}
	EndGlobalSection
EndGlobal
